{
    "_meta": {
        "hash": {
            "sha256": "07bd7600985b39cc73619b2f3f0b55322af26d4253606455a4b46ccc5b13e944"
        },
        "pipfile-spec": 6,
        "requires": {
            "python_version": "3.10"
        },
        "sources": [
            {
                "name": "pypi",
                "url": "https://pypi.org/simple",
                "verify_ssl": true
            }
        ]
    },
    "default": {
        "boto3-stubs": {
            "extras": [],
            "hashes": [
                "sha256:2f1224e412b885eb2ef4c8d584c309d69e7247bd8fec8d65bef2e0d03c1fd4ae",
                "sha256:8f973bdc44f197cdec2c0da1a381d57fc2834cba13d5f0721943d0c868a0e0cd"
            ],
            "index": "pypi",
            "version": "==1.26.160"
        },
        "botocore-stubs": {
            "hashes": [
                "sha256:3cf41d6395f17f52dce5a556028903a9cf2b848fda8f24fa797b3b8e85a680de",
                "sha256:a0035fd040e82354194810484c3383ae31e947e5876f795b25c221ce9d91c952"
            ],
            "markers": "python_version >= '3.7' and python_version < '4.0'",
            "version": "==1.29.160"
        },
        "types-awscrt": {
            "hashes": [
                "sha256:50fe7610aa40550a23d79d6167b2b8536281f038f42846eda0e520d6e3e01787",
                "sha256:763d8d543f145d51cd16ea407d079608b126941d24525e16cb1de31d949ff563"
            ],
            "markers": "python_version >= '3.7' and python_version < '4.0'",
            "version": "==0.16.19"
        },
        "types-s3transfer": {
            "hashes": [
                "sha256:6d1ac1dedac750d570428362acdf60fdd4f277b0788855c3894d3226756b2bfb",
                "sha256:75ac1d7143d58c1e6af467cfd4a96c67ee058a3adf7c249d9309999e1f5f41e4"
            ],
            "markers": "python_version >= '3.7' and python_version < '4.0'",
            "version": "==0.6.1"
        }
    },
    "develop": {}
}
